# This file is automatically @generated by Cargo.
# It is not intended for manual editing.
version = 4

[[package]]
name = "cfg-if"
version = "1.0.4"
source = "registry+https://github.com/rust-lang/crates.io-index"
checksum = "9330f8b2ff13f34540b44e946ef35111825727b38d33286ef986142615121801"

[[package]]
name = "coarse-prof"
version = "0.2.6"
source = "registry+https://github.com/rust-lang/crates.io-index"
checksum = "af7da8b0d459456192d8fba242b77d9832bf1841358944c82faa4a5e88beb5f1"
dependencies = [
 "instant",
 "log",
]

[[package]]
name = "fall_input"
version = "0.1.0"
dependencies = [
 "coarse-prof",
 "zeroize",
]

[[package]]
name = "instant"
version = "0.1.13"
source = "registry+https://github.com/rust-lang/crates.io-index"
checksum = "e0242819d153cba4b4b05a5a8f2a7e9bbf97b6055b2a002b395c96b5ff3c0222"
dependencies = [
 "cfg-if",
]

[[package]]
name = "log"
version = "0.4.33"
source = "registry+https://github.com/rust-lang/crates.io-index"
checksum = "0ceec5bc11778974d1bcb055b18002eba7f4b3518b6a0081b3af5f21666da9ad"

[[package]]
name = "proc-macro2"
version = "1.0.106"
source = "registry+https://github.com/rust-lang/crates.io-index"
checksum = "8fd00f0bb2e90d81d1044c2b32617f68fcb9fa3bb7640c23e9c748e53fb30934"
dependencies = [
 "unicode-ident",
]

[[package]]
name = "quote"
version = "1.0.46"
source = "registry+https://github.com/rust-lang/crates.io-index"
checksum = "dfbc457d0c7a0759a614551b11a6409e5951f6c7537be1f1b7682b9ae9230368"
dependencies = [
 "proc-macro2",
]

[[package]]
name = "syn"
version = "2.0.118"
source = "registry+https://github.com/rust-lang/crates.io-index"
checksum = "1b9ae57f904213ebb649ce6895b8a66c66f0203b9319718f69a5612a065b1422"
dependencies = [
 "proc-macro2",
 "quote",
 "unicode-ident",
]

[[package]]
name = "unicode-ident"
version = "1.0.24"
source = "registry+https://github.com/rust-lang/crates.io-index"
checksum = "e6e4313cd5fcd3dad5cafa179702e2b244f760991f45397d14d4ebf38247da75"

[[package]]
name = "zeroize"
version = "1.9.0"
source = "registry+https://github.com/rust-lang/crates.io-index"
checksum = "e13c156562582aa81c60cb29407084cdb54c4164760106ab78e6c5b0858cf64e"
dependencies = [
 "zeroize_derive",
]

[[package]]
name = "zeroize_derive"
version = "1.5.0"
source = "registry+https://github.com/rust-lang/crates.io-index"
checksum = "3c50655cbb0fe3fc43170059e702f1ce5e19b84cec58dc87b037a09935c2f328"
dependencies = [
 "proc-macro2",
 "quote",
 "syn",
]
